
Microsoft Visual Studio Solution File, Format Version 12.00
# Visual Studio Version 16
VisualStudioVersion = 16.0.29503.13
MinimumVisualStudioVersion = 10.0.40219.1
Project("{9A19103F-16F7-4668-BE54-9A1E7A4F7556}") = "Masivian.Casino.API", "Masivian.Casino.API\Masivian.Casino.API.csproj", "{091C32D7-094A-418A-8088-F6D02E7272FC}"
EndProject
Project("{FAE04EC0-301F-11D3-BF4B-00C04F79EFBC}") = "Masivian.Casino.Entity", "Masivian.Casino.Entity\Masivian.Casino.Entity.csproj", "{8D8EEC67-0F5F-496E-87AC-4882EBD09E0F}"
EndProject
Project("{FAE04EC0-301F-11D3-BF4B-00C04F79EFBC}") = "Masivian.Casino.Data", "Masivian.Casino.Data\Masivian.Casino.Data.csproj", "{77E5F9D4-B55C-4C0B-8FF1-823381E6169C}"
EndProject
Global
	GlobalSection(SolutionConfigurationPlatforms) = preSolution
		Debug|Any CPU = Debug|Any CPU
		Release|Any CPU = Release|Any CPU
	EndGlobalSection
	GlobalSection(ProjectConfigurationPlatforms) = postSolution
		{091C32D7-094A-418A-8088-F6D02E7272FC}.Debug|Any CPU.ActiveCfg = Debug|Any CPU
		{091C32D7-094A-418A-8088-F6D02E7272FC}.Debug|Any CPU.Build.0 = Debug|Any CPU
		{091C32D7-094A-418A-8088-F6D02E7272FC}.Release|Any CPU.ActiveCfg = Release|Any CPU
		{091C32D7-094A-418A-8088-F6D02E7272FC}.Release|Any CPU.Build.0 = Release|Any CPU
		{8D8EEC67-0F5F-496E-87AC-4882EBD09E0F}.Debug|Any CPU.ActiveCfg = Debug|Any CPU
		{8D8EEC67-0F5F-496E-87AC-4882EBD09E0F}.Debug|Any CPU.Build.0 = Debug|Any CPU
		{8D8EEC67-0F5F-496E-87AC-4882EBD09E0F}.Release|Any CPU.ActiveCfg = Release|Any CPU
		{8D8EEC67-0F5F-496E-87AC-4882EBD09E0F}.Release|Any CPU.Build.0 = Release|Any CPU
		{77E5F9D4-B55C-4C0B-8FF1-823381E6169C}.Debug|Any CPU.ActiveCfg = Debug|Any CPU
		{77E5F9D4-B55C-4C0B-8FF1-823381E6169C}.Debug|Any CPU.Build.0 = Debug|Any CPU
		{77E5F9D4-B55C-4C0B-8FF1-823381E6169C}.Release|Any CPU.ActiveCfg = Release|Any CPU
		{77E5F9D4-B55C-4C0B-8FF1-823381E6169C}.Release|Any CPU.Build.0 = Release|Any CPU
	EndGlobalSection
	GlobalSection(SolutionProperties) = preSolution
		HideSolutionNode = FALSE
	EndGlobalSection
	GlobalSection(ExtensibilityGlobals) = postSolution
		SolutionGuid = {7DF359A6-E2B6-4615-8BE4-5A52728E993F}
	EndGlobalSection
EndGlobal
